
Microsoft Visual Studio Solution File, Format Version 12.00
# Visual Studio Version 17
VisualStudioVersion = 17.5.33424.131
MinimumVisualStudioVersion = 10.0.40219.1
Project("{FAE04EC0-301F-11D3-BF4B-00C04F79EFBC}") = "API_PIA_BUENO", "API_PIA_BUENO\API_PIA_BUENO.csproj", "{A924B537-5D99-4ADB-B5D3-EB57709BC7FC}"
EndProject
Global
	GlobalSection(SolutionConfigurationPlatforms) = preSolution
		Debug|Any CPU = Debug|Any CPU
		Release|Any CPU = Release|Any CPU
	EndGlobalSection
	GlobalSection(ProjectConfigurationPlatforms) = postSolution
		{A924B537-5D99-4ADB-B5D3-EB57709BC7FC}.Debug|Any CPU.ActiveCfg = Debug|Any CPU
		{A924B537-5D99-4ADB-B5D3-EB57709BC7FC}.Debug|Any CPU.Build.0 = Debug|Any CPU
		{A924B537-5D99-4ADB-B5D3-EB57709BC7FC}.Release|Any CPU.ActiveCfg = Release|Any CPU
		{A924B537-5D99-4ADB-B5D3-EB57709BC7FC}.Release|Any CPU.Build.0 = Release|Any CPU
	EndGlobalSection
	GlobalSection(SolutionProperties) = preSolution
		HideSolutionNode = FALSE
	EndGlobalSection
	GlobalSection(ExtensibilityGlobals) = postSolution
		SolutionGuid = {A2FB18DA-6809-4D98-9E61-2B773BD05568}
	EndGlobalSection
EndGlobal
